// !$*UTF8*$!
{
	archiveVersion = 1;
	classes = {
	};
	objectVersion = 56;
	objects = {

/* Begin PBXBuildFile section */
		3E8C477B2BC2488800919E06 /* AppDelegate.swift in Sources */ = {isa = PBXBuildFile; fileRef = 3E8C477A2BC2488800919E06 /* AppDelegate.swift */; };
		3E8C477D2BC2488800919E06 /* SceneDelegate.swift in Sources */ = {isa = PBXBuildFile; fileRef = 3E8C477C2BC2488800919E06 /* SceneDelegate.swift */; };
		3E8C477F2BC2488800919E06 /* SomeViewController.swift in Sources */ = {isa = PBXBuildFile; fileRef = 3E8C477E2BC2488800919E06 /* SomeViewController.swift */; };
		3E8C47842BC2488900919E06 /* Assets.xcassets in Resources */ = {isa = PBXBuildFile; fileRef = 3E8C47832BC2488900919E06 /* Assets.xcassets */; };
		3E8C47872BC2488900919E06 /* Base in Resources */ = {isa = PBXBuildFile; fileRef = 3E8C47862BC2488900919E06 /* Base */; };
		3E8C47922BC2488A00919E06 /* RepositoryPatternTests.swift in Sources */ = {isa = PBXBuildFile; fileRef = 3E8C47912BC2488A00919E06 /* RepositoryPatternTests.swift */; };
		3E8C479C2BC2488A00919E06 /* RepositoryPatternUITests.swift in Sources */ = {isa = PBXBuildFile; fileRef = 3E8C479B2BC2488A00919E06 /* RepositoryPatternUITests.swift */; };
		3E8C479E2BC2488A00919E06 /* RepositoryPatternUITestsLaunchTests.swift in Sources */ = {isa = PBXBuildFile; fileRef = 3E8C479D2BC2488A00919E06 /* RepositoryPatternUITestsLaunchTests.swift */; };
		3E8C47B42BC2494A00919E06 /* SomeViewModel.swift in Sources */ = {isa = PBXBuildFile; fileRef = 3E8C47B32BC2494A00919E06 /* SomeViewModel.swift */; };
/* End PBXBuildFile section */

/* Begin PBXContainerItemProxy section */
		3E8C478E2BC2488A00919E06 /* PBXContainerItemProxy */ = {
			isa = PBXContainerItemProxy;
			containerPortal = 3E8C476F2BC2488800919E06 /* Project object */;
			proxyType = 1;
			remoteGlobalIDString = 3E8C47762BC2488800919E06;
			remoteInfo = RepositoryPattern;
		};
		3E8C47982BC2488A00919E06 /* PBXContainerItemProxy */ = {
			isa = PBXContainerItemProxy;
			containerPortal = 3E8C476F2BC2488800919E06 /* Project object */;
			proxyType = 1;
			remoteGlobalIDString = 3E8C47762BC2488800919E06;
			remoteInfo = RepositoryPattern;
		};
/* End PBXContainerItemProxy section */

/* Begin PBXFileReference section */
		3E8C47772BC2488800919E06 /* RepositoryPattern.app */ = {isa = PBXFileReference; explicitFileType = wrapper.application; includeInIndex = 0; path = RepositoryPattern.app; sourceTree = BUILT_PRODUCTS_DIR; };
		3E8C477A2BC2488800919E06 /* AppDelegate.swift */ = {isa = PBXFileReference; lastKnownFileType = sourcecode.swift; path = AppDelegate.swift; sourceTree = "<group>"; };
		3E8C477C2BC2488800919E06 /* SceneDelegate.swift */ = {isa = PBXFileReference; lastKnownFileType = sourcecode.swift; path = SceneDelegate.swift; sourceTree = "<group>"; };
		3E8C477E2BC2488800919E06 /* SomeViewController.swift */ = {isa = PBXFileReference; lastKnownFileType = sourcecode.swift; path = SomeViewController.swift; sourceTree = "<group>"; };
		3E8C47832BC2488900919E06 /* Assets.xcassets */ = {isa = PBXFileReference; lastKnownFileType = folder.assetcatalog; path = Assets.xcassets; sourceTree = "<group>"; };
		3E8C47862BC2488900919E06 /* Base */ = {isa = PBXFileReference; lastKnownFileType = file.storyboard; name = Base; path = Base.lproj/LaunchScreen.storyboard; sourceTree = "<group>"; };
		3E8C47882BC2488900919E06 /* Info.plist */ = {isa = PBXFileReference; lastKnownFileType = text.plist.xml; path = Info.plist; sourceTree = "<group>"; };
		3E8C478D2BC2488A00919E06 /* RepositoryPatternTests.xctest */ = {isa = PBXFileReference; explicitFileType = wrapper.cfbundle; includeInIndex = 0; path = RepositoryPatternTests.xctest; sourceTree = BUILT_PRODUCTS_DIR; };
		3E8C47912BC2488A00919E06 /* RepositoryPatternTests.swift */ = {isa = PBXFileReference; lastKnownFileType = sourcecode.swift; path = RepositoryPatternTests.swift; sourceTree = "<group>"; };
		3E8C47972BC2488A00919E06 /* RepositoryPatternUITests.xctest */ = {isa = PBXFileReference; explicitFileType = wrapper.cfbundle; includeInIndex = 0; path = RepositoryPatternUITests.xctest; sourceTree = BUILT_PRODUCTS_DIR; };
		3E8C479B2BC2488A00919E06 /* RepositoryPatternUITests.swift */ = {isa = PBXFileReference; lastKnownFileType = sourcecode.swift; path = RepositoryPatternUITests.swift; sourceTree = "<group>"; };
		3E8C479D2BC2488A00919E06 /* RepositoryPatternUITestsLaunchTests.swift */ = {isa = PBXFileReference; lastKnownFileType = sourcecode.swift; path = RepositoryPatternUITestsLaunchTests.swift; sourceTree = "<group>"; };
		3E8C47B32BC2494A00919E06 /* SomeViewModel.swift */ = {isa = PBXFileReference; lastKnownFileType = sourcecode.swift; path = SomeViewModel.swift; sourceTree = "<group>"; };
/* End PBXFileReference section */

/* Begin PBXFrameworksBuildPhase section */
		3E8C47742BC2488800919E06 /* Frameworks */ = {
			isa = PBXFrameworksBuildPhase;
			buildActionMask = 2147483647;
			files = (
			);
			runOnlyForDeploymentPostprocessing = 0;
		};
		3E8C478A2BC2488A00919E06 /* Frameworks */ = {
			isa = PBXFrameworksBuildPhase;
			buildActionMask = 2147483647;
			files = (
			);
			runOnlyForDeploymentPostprocessing = 0;
		};
		3E8C47942BC2488A00919E06 /* Frameworks */ = {
			isa = PBXFrameworksBuildPhase;
			buildActionMask = 2147483647;
			files = (
			);
			runOnlyForDeploymentPostprocessing = 0;
		};
/* End PBXFrameworksBuildPhase section */

/* Begin PBXGroup section */
		3E8C476E2BC2488800919E06 = {
			isa = PBXGroup;
			children = (
				3E8C47792BC2488800919E06 /* RepositoryPattern */,
				3E8C47902BC2488A00919E06 /* RepositoryPatternTests */,
				3E8C479A2BC2488A00919E06 /* RepositoryPatternUITests */,
				3E8C47782BC2488800919E06 /* Products */,
			);
			sourceTree = "<group>";
		};
		3E8C47782BC2488800919E06 /* Products */ = {
			isa = PBXGroup;
			children = (
				3E8C47772BC2488800919E06 /* RepositoryPattern.app */,
				3E8C478D2BC2488A00919E06 /* RepositoryPatternTests.xctest */,
				3E8C47972BC2488A00919E06 /* RepositoryPatternUITests.xctest */,
			);
			name = Products;
			sourceTree = "<group>";
		};
		3E8C47792BC2488800919E06 /* RepositoryPattern */ = {
			isa = PBXGroup;
			children = (
				3E8C47AA2BC248C700919E06 /* Application */,
				3E8C47AB2BC248EC00919E06 /* Presentation */,
				3E8C47AC2BC248F500919E06 /* Domain */,
				3E8C47AD2BC2490900919E06 /* Data */,
				3E8C47AE2BC2491600919E06 /* Core */,
			);
			path = RepositoryPattern;
			sourceTree = "<group>";
		};
		3E8C47902BC2488A00919E06 /* RepositoryPatternTests */ = {
			isa = PBXGroup;
			children = (
				3E8C47912BC2488A00919E06 /* RepositoryPatternTests.swift */,
			);
			path = RepositoryPatternTests;
			sourceTree = "<group>";
		};
		3E8C479A2BC2488A00919E06 /* RepositoryPatternUITests */ = {
			isa = PBXGroup;
			children = (
				3E8C479B2BC2488A00919E06 /* RepositoryPatternUITests.swift */,
				3E8C479D2BC2488A00919E06 /* RepositoryPatternUITestsLaunchTests.swift */,
			);
			path = RepositoryPatternUITests;
			sourceTree = "<group>";
		};
		3E8C47AA2BC248C700919E06 /* Application */ = {
			isa = PBXGroup;
			children = (
				3E8C477A2BC2488800919E06 /* AppDelegate.swift */,
				3E8C477C2BC2488800919E06 /* SceneDelegate.swift */,
				3E8C47882BC2488900919E06 /* Info.plist */,
			);
			path = Application;
			sourceTree = "<group>";
		};
		3E8C47AB2BC248EC00919E06 /* Presentation */ = {
			isa = PBXGroup;
			children = (
				3E8C477E2BC2488800919E06 /* SomeViewController.swift */,
				3E8C47B32BC2494A00919E06 /* SomeViewModel.swift */,
			);
			path = Presentation;
			sourceTree = "<group>";
		};
		3E8C47AC2BC248F500919E06 /* Domain */ = {
			isa = PBXGroup;
			children = (
				3E8C47AF2BC2492300919E06 /* UseCase */,
				3E8C47B02BC2492700919E06 /* Interface */,
				3E8C47B12BC2492900919E06 /* Entity */,
			);
			path = Domain;
			sourceTree = "<group>";
		};
		3E8C47AD2BC2490900919E06 /* Data */ = {
			isa = PBXGroup;
			children = (
				3E8C47B22BC2493100919E06 /* Repository */,
			);
			path = Data;
			sourceTree = "<group>";
		};
		3E8C47AE2BC2491600919E06 /* Core */ = {
			isa = PBXGroup;
			children = (
				3E8C47852BC2488900919E06 /* LaunchScreen.storyboard */,
				3E8C47832BC2488900919E06 /* Assets.xcassets */,
			);
			path = Core;
			sourceTree = "<group>";
		};
		3E8C47AF2BC2492300919E06 /* UseCase */ = {
			isa = PBXGroup;
			children = (
			);
			path = UseCase;
			sourceTree = "<group>";
		};
		3E8C47B02BC2492700919E06 /* Interface */ = {
			isa = PBXGroup;
			children = (
			);
			path = Interface;
			sourceTree = "<group>";
		};
		3E8C47B12BC2492900919E06 /* Entity */ = {
			isa = PBXGroup;
			children = (
			);
			path = Entity;
			sourceTree = "<group>";
		};
		3E8C47B22BC2493100919E06 /* Repository */ = {
			isa = PBXGroup;
			children = (
			);
			path = Repository;
			sourceTree = "<group>";
		};
/* End PBXGroup section */

/* Begin PBXNativeTarget section */
		3E8C47762BC2488800919E06 /* RepositoryPattern */ = {
			isa = PBXNativeTarget;
			buildConfigurationList = 3E8C47A12BC2488A00919E06 /* Build configuration list for PBXNativeTarget "RepositoryPattern" */;
			buildPhases = (
				3E8C47732BC2488800919E06 /* Sources */,
				3E8C47742BC2488800919E06 /* Frameworks */,
				3E8C47752BC2488800919E06 /* Resources */,
			);
			buildRules = (
			);
			dependencies = (
			);
			name = RepositoryPattern;
			productName = RepositoryPattern;
			productReference = 3E8C47772BC2488800919E06 /* RepositoryPattern.app */;
			productType = "com.apple.product-type.application";
		};
		3E8C478C2BC2488A00919E06 /* RepositoryPatternTests */ = {
			isa = PBXNativeTarget;
			buildConfigurationList = 3E8C47A42BC2488A00919E06 /* Build configuration list for PBXNativeTarget "RepositoryPatternTests" */;
			buildPhases = (
				3E8C47892BC2488A00919E06 /* Sources */,
				3E8C478A2BC2488A00919E06 /* Frameworks */,
				3E8C478B2BC2488A00919E06 /* Resources */,
			);
			buildRules = (
			);
			dependencies = (
				3E8C478F2BC2488A00919E06 /* PBXTargetDependency */,
			);
			name = RepositoryPatternTests;
			productName = RepositoryPatternTests;
			productReference = 3E8C478D2BC2488A00919E06 /* RepositoryPatternTests.xctest */;
			productType = "com.apple.product-type.bundle.unit-test";
		};
		3E8C47962BC2488A00919E06 /* RepositoryPatternUITests */ = {
			isa = PBXNativeTarget;
			buildConfigurationList = 3E8C47A72BC2488A00919E06 /* Build configuration list for PBXNativeTarget "RepositoryPatternUITests" */;
			buildPhases = (
				3E8C47932BC2488A00919E06 /* Sources */,
				3E8C47942BC2488A00919E06 /* Frameworks */,
				3E8C47952BC2488A00919E06 /* Resources */,
			);
			buildRules = (
			);
			dependencies = (
				3E8C47992BC2488A00919E06 /* PBXTargetDependency */,
			);
			name = RepositoryPatternUITests;
			productName = RepositoryPatternUITests;
			productReference = 3E8C47972BC2488A00919E06 /* RepositoryPatternUITests.xctest */;
			productType = "com.apple.product-type.bundle.ui-testing";
		};
/* End PBXNativeTarget section */

/* Begin PBXProject section */
		3E8C476F2BC2488800919E06 /* Project object */ = {
			isa = PBXProject;
			attributes = {
				BuildIndependentTargetsInParallel = 1;
				LastSwiftUpdateCheck = 1530;
				LastUpgradeCheck = 1530;
				TargetAttributes = {
					3E8C47762BC2488800919E06 = {
						CreatedOnToolsVersion = 15.3;
					};
					3E8C478C2BC2488A00919E06 = {
						CreatedOnToolsVersion = 15.3;
						TestTargetID = 3E8C47762BC2488800919E06;
					};
					3E8C47962BC2488A00919E06 = {
						CreatedOnToolsVersion = 15.3;
						TestTargetID = 3E8C47762BC2488800919E06;
					};
				};
			};
			buildConfigurationList = 3E8C47722BC2488800919E06 /* Build configuration list for PBXProject "RepositoryPattern" */;
			compatibilityVersion = "Xcode 14.0";
			developmentRegion = en;
			hasScannedForEncodings = 0;
			knownRegions = (
				en,
				Base,
			);
			mainGroup = 3E8C476E2BC2488800919E06;
			productRefGroup = 3E8C47782BC2488800919E06 /* Products */;
			projectDirPath = "";
			projectRoot = "";
			targets = (
				3E8C47762BC2488800919E06 /* RepositoryPattern */,
				3E8C478C2BC2488A00919E06 /* RepositoryPatternTests */,
				3E8C47962BC2488A00919E06 /* RepositoryPatternUITests */,
			);
		};
/* End PBXProject section */

/* Begin PBXResourcesBuildPhase section */
		3E8C47752BC2488800919E06 /* Resources */ = {
			isa = PBXResourcesBuildPhase;
			buildActionMask = 2147483647;
			files = (
				3E8C47842BC2488900919E06 /* Assets.xcassets in Resources */,
				3E8C47872BC2488900919E06 /* Base in Resources */,
			);
			runOnlyForDeploymentPostprocessing = 0;
		};
		3E8C478B2BC2488A00919E06 /* Resources */ = {
			isa = PBXResourcesBuildPhase;
			buildActionMask = 2147483647;
			files = (
			);
			runOnlyForDeploymentPostprocessing = 0;
		};
		3E8C47952BC2488A00919E06 /* Resources */ = {
			isa = PBXResourcesBuildPhase;
			buildActionMask = 2147483647;
			files = (
			);
			runOnlyForDeploymentPostprocessing = 0;
		};
/* End PBXResourcesBuildPhase section */

/* Begin PBXSourcesBuildPhase section */
		3E8C47732BC2488800919E06 /* Sources */ = {
			isa = PBXSourcesBuildPhase;
			buildActionMask = 2147483647;
			files = (
				3E8C477F2BC2488800919E06 /* SomeViewController.swift in Sources */,
				3E8C477B2BC2488800919E06 /* AppDelegate.swift in Sources */,
				3E8C47B42BC2494A00919E06 /* SomeViewModel.swift in Sources */,
				3E8C477D2BC2488800919E06 /* SceneDelegate.swift in Sources */,
			);
			runOnlyForDeploymentPostprocessing = 0;
		};
		3E8C47892BC2488A00919E06 /* Sources */ = {
			isa = PBXSourcesBuildPhase;
			buildActionMask = 2147483647;
			files = (
				3E8C47922BC2488A00919E06 /* RepositoryPatternTests.swift in Sources */,
			);
			runOnlyForDeploymentPostprocessing = 0;
		};
		3E8C47932BC2488A00919E06 /* Sources */ = {
			isa = PBXSourcesBuildPhase;
			buildActionMask = 2147483647;
			files = (
				3E8C479C2BC2488A00919E06 /* RepositoryPatternUITests.swift in Sources */,
				3E8C479E2BC2488A00919E06 /* RepositoryPatternUITestsLaunchTests.swift in Sources */,
			);
			runOnlyForDeploymentPostprocessing = 0;
		};
/* End PBXSourcesBuildPhase section */

/* Begin PBXTargetDependency section */
		3E8C478F2BC2488A00919E06 /* PBXTargetDependency */ = {
			isa = PBXTargetDependency;
			target = 3E8C47762BC2488800919E06 /* RepositoryPattern */;
			targetProxy = 3E8C478E2BC2488A00919E06 /* PBXContainerItemProxy */;
		};
		3E8C47992BC2488A00919E06 /* PBXTargetDependency */ = {
			isa = PBXTargetDependency;
			target = 3E8C47762BC2488800919E06 /* RepositoryPattern */;
			targetProxy = 3E8C47982BC2488A00919E06 /* PBXContainerItemProxy */;
		};
/* End PBXTargetDependency section */

/* Begin PBXVariantGroup section */
		3E8C47852BC2488900919E06 /* LaunchScreen.storyboard */ = {
			isa = PBXVariantGroup;
			children = (
				3E8C47862BC2488900919E06 /* Base */,
			);
			name = LaunchScreen.storyboard;
			sourceTree = "<group>";
		};
/* End PBXVariantGroup section */

/* Begin XCBuildConfiguration section */
		3E8C479F2BC2488A00919E06 /* Debug */ = {
			isa = XCBuildConfiguration;
			buildSettings = {
				ALWAYS_SEARCH_USER_PATHS = NO;
				ASSETCATALOG_COMPILER_GENERATE_SWIFT_ASSET_SYMBOL_EXTENSIONS = YES;
				CLANG_ANALYZER_NONNULL = YES;
				CLANG_ANALYZER_NUMBER_OBJECT_CONVERSION = YES_AGGRESSIVE;
				CLANG_CXX_LANGUAGE_STANDARD = "gnu++20";
				CLANG_ENABLE_MODULES = YES;
				CLANG_ENABLE_OBJC_ARC = YES;
				CLANG_ENABLE_OBJC_WEAK = YES;
				CLANG_WARN_BLOCK_CAPTURE_AUTORELEASING = YES;
				CLANG_WARN_BOOL_CONVERSION = YES;
				CLANG_WARN_COMMA = YES;
				CLANG_WARN_CONSTANT_CONVERSION = YES;
				CLANG_WARN_DEPRECATED_OBJC_IMPLEMENTATIONS = YES;
				CLANG_WARN_DIRECT_OBJC_ISA_USAGE = YES_ERROR;
				CLANG_WARN_DOCUMENTATION_COMMENTS = YES;
				CLANG_WARN_EMPTY_BODY = YES;
				CLANG_WARN_ENUM_CONVERSION = YES;
				CLANG_WARN_INFINITE_RECURSION = YES;
				CLANG_WARN_INT_CONVERSION = YES;
				CLANG_WARN_NON_LITERAL_NULL_CONVERSION = YES;
				CLANG_WARN_OBJC_IMPLICIT_RETAIN_SELF = YES;
				CLANG_WARN_OBJC_LITERAL_CONVERSION = YES;
				CLANG_WARN_OBJC_ROOT_CLASS = YES_ERROR;
				CLANG_WARN_QUOTED_INCLUDE_IN_FRAMEWORK_HEADER = YES;
				CLANG_WARN_RANGE_LOOP_ANALYSIS = YES;
				CLANG_WARN_STRICT_PROTOTYPES = YES;
				CLANG_WARN_SUSPICIOUS_MOVE = YES;
				CLANG_WARN_UNGUARDED_AVAILABILITY = YES_AGGRESSIVE;
				CLANG_WARN_UNREACHABLE_CODE = YES;
				CLANG_WARN__DUPLICATE_METHOD_MATCH = YES;
				COPY_PHASE_STRIP = NO;
				DEBUG_INFORMATION_FORMAT = dwarf;
				ENABLE_STRICT_OBJC_MSGSEND = YES;
				ENABLE_TESTABILITY = YES;
				ENABLE_USER_SCRIPT_SANDBOXING = YES;
				GCC_C_LANGUAGE_STANDARD = gnu17;
				GCC_DYNAMIC_NO_PIC = NO;
				GCC_NO_COMMON_BLOCKS = YES;
				GCC_OPTIMIZATION_LEVEL = 0;
				GCC_PREPROCESSOR_DEFINITIONS = (
					"DEBUG=1",
					"$(inherited)",
				);
				GCC_WARN_64_TO_32_BIT_CONVERSION = YES;
				GCC_WARN_ABOUT_RETURN_TYPE = YES_ERROR;
				GCC_WARN_UNDECLARED_SELECTOR = YES;
				GCC_WARN_UNINITIALIZED_AUTOS = YES_AGGRESSIVE;
				GCC_WARN_UNUSED_FUNCTION = YES;
				GCC_WARN_UNUSED_VARIABLE = YES;
				IPHONEOS_DEPLOYMENT_TARGET = 17.4;
				LOCALIZATION_PREFERS_STRING_CATALOGS = YES;
				MTL_ENABLE_DEBUG_INFO = INCLUDE_SOURCE;
				MTL_FAST_MATH = YES;
				ONLY_ACTIVE_ARCH = YES;
				SDKROOT = iphoneos;
				SWIFT_ACTIVE_COMPILATION_CONDITIONS = "DEBUG $(inherited)";
				SWIFT_OPTIMIZATION_LEVEL = "-Onone";
			};
			name = Debug;
		};
		3E8C47A02BC2488A00919E06 /* Release */ = {
			isa = XCBuildConfiguration;
			buildSettings = {
				ALWAYS_SEARCH_USER_PATHS = NO;
				ASSETCATALOG_COMPILER_GENERATE_SWIFT_ASSET_SYMBOL_EXTENSIONS = YES;
				CLANG_ANALYZER_NONNULL = YES;
				CLANG_ANALYZER_NUMBER_OBJECT_CONVERSION = YES_AGGRESSIVE;
				CLANG_CXX_LANGUAGE_STANDARD = "gnu++20";
				CLANG_ENABLE_MODULES = YES;
				CLANG_ENABLE_OBJC_ARC = YES;
				CLANG_ENABLE_OBJC_WEAK = YES;
				CLANG_WARN_BLOCK_CAPTURE_AUTORELEASING = YES;
				CLANG_WARN_BOOL_CONVERSION = YES;
				CLANG_WARN_COMMA = YES;
				CLANG_WARN_CONSTANT_CONVERSION = YES;
				CLANG_WARN_DEPRECATED_OBJC_IMPLEMENTATIONS = YES;
				CLANG_WARN_DIRECT_OBJC_ISA_USAGE = YES_ERROR;
				CLANG_WARN_DOCUMENTATION_COMMENTS = YES;
				CLANG_WARN_EMPTY_BODY = YES;
				CLANG_WARN_ENUM_CONVERSION = YES;
				CLANG_WARN_INFINITE_RECURSION = YES;
				CLANG_WARN_INT_CONVERSION = YES;
				CLANG_WARN_NON_LITERAL_NULL_CONVERSION = YES;
				CLANG_WARN_OBJC_IMPLICIT_RETAIN_SELF = YES;
				CLANG_WARN_OBJC_LITERAL_CONVERSION = YES;
				CLANG_WARN_OBJC_ROOT_CLASS = YES_ERROR;
				CLANG_WARN_QUOTED_INCLUDE_IN_FRAMEWORK_HEADER = YES;
				CLANG_WARN_RANGE_LOOP_ANALYSIS = YES;
				CLANG_WARN_STRICT_PROTOTYPES = YES;
				CLANG_WARN_SUSPICIOUS_MOVE = YES;
				CLANG_WARN_UNGUARDED_AVAILABILITY = YES_AGGRESSIVE;
				CLANG_WARN_UNREACHABLE_CODE = YES;
				CLANG_WARN__DUPLICATE_METHOD_MATCH = YES;
				COPY_PHASE_STRIP = NO;
				DEBUG_INFORMATION_FORMAT = "dwarf-with-dsym";
				ENABLE_NS_ASSERTIONS = NO;
				ENABLE_STRICT_OBJC_MSGSEND = YES;
				ENABLE_USER_SCRIPT_SANDBOXING = YES;
				GCC_C_LANGUAGE_STANDARD = gnu17;
				GCC_NO_COMMON_BLOCKS = YES;
				GCC_WARN_64_TO_32_BIT_CONVERSION = YES;
				GCC_WARN_ABOUT_RETURN_TYPE = YES_ERROR;
				GCC_WARN_UNDECLARED_SELECTOR = YES;
				GCC_WARN_UNINITIALIZED_AUTOS = YES_AGGRESSIVE;
				GCC_WARN_UNUSED_FUNCTION = YES;
				GCC_WARN_UNUSED_VARIABLE = YES;
				IPHONEOS_DEPLOYMENT_TARGET = 17.4;
				LOCALIZATION_PREFERS_STRING_CATALOGS = YES;
				MTL_ENABLE_DEBUG_INFO = NO;
				MTL_FAST_MATH = YES;
				SDKROOT = iphoneos;
				SWIFT_COMPILATION_MODE = wholemodule;
				VALIDATE_PRODUCT = YES;
			};
			name = Release;
		};
		3E8C47A22BC2488A00919E06 /* Debug */ = {
			isa = XCBuildConfiguration;
			buildSettings = {
				ASSETCATALOG_COMPILER_APPICON_NAME = AppIcon;
				ASSETCATALOG_COMPILER_GLOBAL_ACCENT_COLOR_NAME = AccentColor;
				CODE_SIGN_STYLE = Automatic;
				CURRENT_PROJECT_VERSION = 1;
				DEVELOPMENT_TEAM = S9G6YGQ76H;
				GENERATE_INFOPLIST_FILE = YES;
				INFOPLIST_FILE = RepositoryPattern/Application/Info.plist;
				INFOPLIST_KEY_UIApplicationSupportsIndirectInputEvents = YES;
				INFOPLIST_KEY_UILaunchStoryboardName = LaunchScreen;
				INFOPLIST_KEY_UISupportedInterfaceOrientations_iPad = "UIInterfaceOrientationPortrait UIInterfaceOrientationPortraitUpsideDown UIInterfaceOrientationLandscapeLeft UIInterfaceOrientationLandscapeRight";
				INFOPLIST_KEY_UISupportedInterfaceOrientations_iPhone = "UIInterfaceOrientationPortrait UIInterfaceOrientationLandscapeLeft UIInterfaceOrientationLandscapeRight";
				LD_RUNPATH_SEARCH_PATHS = (
					"$(inherited)",
					"@executable_path/Frameworks",
				);
				MARKETING_VERSION = 1.0;
				PRODUCT_BUNDLE_IDENTIFIER = "com-id.RepositoryPattern";
				PRODUCT_NAME = "$(TARGET_NAME)";
				SWIFT_EMIT_LOC_STRINGS = YES;
				SWIFT_VERSION = 5.0;
				TARGETED_DEVICE_FAMILY = "1,2";
			};
			name = Debug;
		};
		3E8C47A32BC2488A00919E06 /* Release */ = {
			isa = XCBuildConfiguration;
			buildSettings = {
				ASSETCATALOG_COMPILER_APPICON_NAME = AppIcon;
				ASSETCATALOG_COMPILER_GLOBAL_ACCENT_COLOR_NAME = AccentColor;
				CODE_SIGN_STYLE = Automatic;
				CURRENT_PROJECT_VERSION = 1;
				DEVELOPMENT_TEAM = S9G6YGQ76H;
				GENERATE_INFOPLIST_FILE = YES;
				INFOPLIST_FILE = RepositoryPattern/Application/Info.plist;
				INFOPLIST_KEY_UIApplicationSupportsIndirectInputEvents = YES;
				INFOPLIST_KEY_UILaunchStoryboardName = LaunchScreen;
				INFOPLIST_KEY_UISupportedInterfaceOrientations_iPad = "UIInterfaceOrientationPortrait UIInterfaceOrientationPortraitUpsideDown UIInterfaceOrientationLandscapeLeft UIInterfaceOrientationLandscapeRight";
				INFOPLIST_KEY_UISupportedInterfaceOrientations_iPhone = "UIInterfaceOrientationPortrait UIInterfaceOrientationLandscapeLeft UIInterfaceOrientationLandscapeRight";
				LD_RUNPATH_SEARCH_PATHS = (
					"$(inherited)",
					"@executable_path/Frameworks",
				);
				MARKETING_VERSION = 1.0;
				PRODUCT_BUNDLE_IDENTIFIER = "com-id.RepositoryPattern";
				PRODUCT_NAME = "$(TARGET_NAME)";
				SWIFT_EMIT_LOC_STRINGS = YES;
				SWIFT_VERSION = 5.0;
				TARGETED_DEVICE_FAMILY = "1,2";
			};
			name = Release;
		};
		3E8C47A52BC2488A00919E06 /* Debug */ = {
			isa = XCBuildConfiguration;
			buildSettings = {
				ALWAYS_EMBED_SWIFT_STANDARD_LIBRARIES = YES;
				BUNDLE_LOADER = "$(TEST_HOST)";
				CODE_SIGN_STYLE = Automatic;
				CURRENT_PROJECT_VERSION = 1;
				DEVELOPMENT_TEAM = S9G6YGQ76H;
				GENERATE_INFOPLIST_FILE = YES;
				IPHONEOS_DEPLOYMENT_TARGET = 17.4;
				MARKETING_VERSION = 1.0;
				PRODUCT_BUNDLE_IDENTIFIER = "com-id.RepositoryPatternTests";
				PRODUCT_NAME = "$(TARGET_NAME)";
				SWIFT_EMIT_LOC_STRINGS = NO;
				SWIFT_VERSION = 5.0;
				TARGETED_DEVICE_FAMILY = "1,2";
				TEST_HOST = "$(BUILT_PRODUCTS_DIR)/RepositoryPattern.app/$(BUNDLE_EXECUTABLE_FOLDER_PATH)/RepositoryPattern";
			};
			name = Debug;
		};
		3E8C47A62BC2488A00919E06 /* Release */ = {
			isa = XCBuildConfiguration;
			buildSettings = {
				ALWAYS_EMBED_SWIFT_STANDARD_LIBRARIES = YES;
				BUNDLE_LOADER = "$(TEST_HOST)";
				CODE_SIGN_STYLE = Automatic;
				CURRENT_PROJECT_VERSION = 1;
				DEVELOPMENT_TEAM = S9G6YGQ76H;
				GENERATE_INFOPLIST_FILE = YES;
				IPHONEOS_DEPLOYMENT_TARGET = 17.4;
				MARKETING_VERSION = 1.0;
				PRODUCT_BUNDLE_IDENTIFIER = "com-id.RepositoryPatternTests";
				PRODUCT_NAME = "$(TARGET_NAME)";
				SWIFT_EMIT_LOC_STRINGS = NO;
				SWIFT_VERSION = 5.0;
				TARGETED_DEVICE_FAMILY = "1,2";
				TEST_HOST = "$(BUILT_PRODUCTS_DIR)/RepositoryPattern.app/$(BUNDLE_EXECUTABLE_FOLDER_PATH)/RepositoryPattern";
			};
			name = Release;
		};
		3E8C47A82BC2488A00919E06 /* Debug */ = {
			isa = XCBuildConfiguration;
			buildSettings = {
				ALWAYS_EMBED_SWIFT_STANDARD_LIBRARIES = YES;
				CODE_SIGN_STYLE = Automatic;
				CURRENT_PROJECT_VERSION = 1;
				DEVELOPMENT_TEAM = S9G6YGQ76H;
				GENERATE_INFOPLIST_FILE = YES;
				MARKETING_VERSION = 1.0;
				PRODUCT_BUNDLE_IDENTIFIER = "com-id.RepositoryPatternUITests";
				PRODUCT_NAME = "$(TARGET_NAME)";
				SWIFT_EMIT_LOC_STRINGS = NO;
				SWIFT_VERSION = 5.0;
				TARGETED_DEVICE_FAMILY = "1,2";
				TEST_TARGET_NAME = RepositoryPattern;
			};
			name = Debug;
		};
		3E8C47A92BC2488A00919E06 /* Release */ = {
			isa = XCBuildConfiguration;
			buildSettings = {
				ALWAYS_EMBED_SWIFT_STANDARD_LIBRARIES = YES;
				CODE_SIGN_STYLE = Automatic;
				CURRENT_PROJECT_VERSION = 1;
				DEVELOPMENT_TEAM = S9G6YGQ76H;
				GENERATE_INFOPLIST_FILE = YES;
				MARKETING_VERSION = 1.0;
				PRODUCT_BUNDLE_IDENTIFIER = "com-id.RepositoryPatternUITests";
				PRODUCT_NAME = "$(TARGET_NAME)";
				SWIFT_EMIT_LOC_STRINGS = NO;
				SWIFT_VERSION = 5.0;
				TARGETED_DEVICE_FAMILY = "1,2";
				TEST_TARGET_NAME = RepositoryPattern;
			};
			name = Release;
		};
/* End XCBuildConfiguration section */

/* Begin XCConfigurationList section */
		3E8C47722BC2488800919E06 /* Build configuration list for PBXProject "RepositoryPattern" */ = {
			isa = XCConfigurationList;
			buildConfigurations = (
				3E8C479F2BC2488A00919E06 /* Debug */,
				3E8C47A02BC2488A00919E06 /* Release */,
			);
			defaultConfigurationIsVisible = 0;
			defaultConfigurationName = Release;
		};
		3E8C47A12BC2488A00919E06 /* Build configuration list for PBXNativeTarget "RepositoryPattern" */ = {
			isa = XCConfigurationList;
			buildConfigurations = (
				3E8C47A22BC2488A00919E06 /* Debug */,
				3E8C47A32BC2488A00919E06 /* Release */,
			);
			defaultConfigurationIsVisible = 0;
			defaultConfigurationName = Release;
		};
		3E8C47A42BC2488A00919E06 /* Build configuration list for PBXNativeTarget "RepositoryPatternTests" */ = {
			isa = XCConfigurationList;
			buildConfigurations = (
				3E8C47A52BC2488A00919E06 /* Debug */,
				3E8C47A62BC2488A00919E06 /* Release */,
			);
			defaultConfigurationIsVisible = 0;
			defaultConfigurationName = Release;
		};
		3E8C47A72BC2488A00919E06 /* Build configuration list for PBXNativeTarget "RepositoryPatternUITests" */ = {
			isa = XCConfigurationList;
			buildConfigurations = (
				3E8C47A82BC2488A00919E06 /* Debug */,
				3E8C47A92BC2488A00919E06 /* Release */,
			);
			defaultConfigurationIsVisible = 0;
			defaultConfigurationName = Release;
		};
/* End XCConfigurationList section */
	};
	rootObject = 3E8C476F2BC2488800919E06 /* Project object */;
}
